
Microsoft Visual Studio Solution File, Format Version 12.00
Project("{FAE04EC0-301F-11D3-BF4B-00C04F79EFBC}") = "Game", "Game\Game.csproj", "{D0C30303-452D-46BC-B995-B727C8169066}"
EndProject
Project("{FAE04EC0-301F-11D3-BF4B-00C04F79EFBC}") = "Database", "Database\Database.csproj", "{58D39216-99F6-4257-9847-B7EF38DAE294}"
EndProject
Project("{FAE04EC0-301F-11D3-BF4B-00C04F79EFBC}") = "DAL", "DAL\DAL.csproj", "{4C0EFB49-1337-4AED-9793-F6E6C939BBD6}"
EndProject
Project("{FAE04EC0-301F-11D3-BF4B-00C04F79EFBC}") = "Domain", "Domain\Domain.csproj", "{EDFB694C-1358-4772-861F-61473B26D4DA}"
EndProject
Project("{FAE04EC0-301F-11D3-BF4B-00C04F79EFBC}") = "WebApp", "WebApp\WebApp.csproj", "{DADB60AF-533E-4A2A-90A1-B8D571831352}"
EndProject
Global
	GlobalSection(SolutionConfigurationPlatforms) = preSolution
		Debug|Any CPU = Debug|Any CPU
		Release|Any CPU = Release|Any CPU
	EndGlobalSection
	GlobalSection(ProjectConfigurationPlatforms) = postSolution
		{D0C30303-452D-46BC-B995-B727C8169066}.Debug|Any CPU.ActiveCfg = Debug|Any CPU
		{D0C30303-452D-46BC-B995-B727C8169066}.Debug|Any CPU.Build.0 = Debug|Any CPU
		{D0C30303-452D-46BC-B995-B727C8169066}.Release|Any CPU.ActiveCfg = Release|Any CPU
		{D0C30303-452D-46BC-B995-B727C8169066}.Release|Any CPU.Build.0 = Release|Any CPU
		{58D39216-99F6-4257-9847-B7EF38DAE294}.Debug|Any CPU.ActiveCfg = Debug|Any CPU
		{58D39216-99F6-4257-9847-B7EF38DAE294}.Debug|Any CPU.Build.0 = Debug|Any CPU
		{58D39216-99F6-4257-9847-B7EF38DAE294}.Release|Any CPU.ActiveCfg = Release|Any CPU
		{58D39216-99F6-4257-9847-B7EF38DAE294}.Release|Any CPU.Build.0 = Release|Any CPU
		{4C0EFB49-1337-4AED-9793-F6E6C939BBD6}.Debug|Any CPU.ActiveCfg = Debug|Any CPU
		{4C0EFB49-1337-4AED-9793-F6E6C939BBD6}.Debug|Any CPU.Build.0 = Debug|Any CPU
		{4C0EFB49-1337-4AED-9793-F6E6C939BBD6}.Release|Any CPU.ActiveCfg = Release|Any CPU
		{4C0EFB49-1337-4AED-9793-F6E6C939BBD6}.Release|Any CPU.Build.0 = Release|Any CPU
		{EDFB694C-1358-4772-861F-61473B26D4DA}.Debug|Any CPU.ActiveCfg = Debug|Any CPU
		{EDFB694C-1358-4772-861F-61473B26D4DA}.Debug|Any CPU.Build.0 = Debug|Any CPU
		{EDFB694C-1358-4772-861F-61473B26D4DA}.Release|Any CPU.ActiveCfg = Release|Any CPU
		{EDFB694C-1358-4772-861F-61473B26D4DA}.Release|Any CPU.Build.0 = Release|Any CPU
		{DADB60AF-533E-4A2A-90A1-B8D571831352}.Debug|Any CPU.ActiveCfg = Debug|Any CPU
		{DADB60AF-533E-4A2A-90A1-B8D571831352}.Debug|Any CPU.Build.0 = Debug|Any CPU
		{DADB60AF-533E-4A2A-90A1-B8D571831352}.Release|Any CPU.ActiveCfg = Release|Any CPU
		{DADB60AF-533E-4A2A-90A1-B8D571831352}.Release|Any CPU.Build.0 = Release|Any CPU
	EndGlobalSection
EndGlobal
